
Microsoft Visual Studio Solution File, Format Version 12.00
# Visual Studio Version 17
VisualStudioVersion = 17.0.31903.59
MinimumVisualStudioVersion = 10.0.40219.1
Project("{2150E333-8FDC-42A3-9474-1A3956D46DE8}") = "src", "src", "{827E0CD3-B72D-47B6-A68D-7590B98EB39B}"
EndProject
Project("{FAE04EC0-301F-11D3-BF4B-00C04F79EFBC}") = "Almutamakkin.DatabaseBridge.Protocol", "src\Almutamakkin.DatabaseBridge.Protocol\Almutamakkin.DatabaseBridge.Protocol.csproj", "{27832BF3-7E4E-433C-BBFF-711AE7D5E070}"
EndProject
Project("{FAE04EC0-301F-11D3-BF4B-00C04F79EFBC}") = "Almutamakkin.DatabaseBridge.Core", "src\Almutamakkin.DatabaseBridge.Core\Almutamakkin.DatabaseBridge.Core.csproj", "{3CCF3430-75F2-45D2-94C9-1615FB249023}"
EndProject
Project("{FAE04EC0-301F-11D3-BF4B-00C04F79EFBC}") = "Almutamakkin.DatabaseBridge.Infrastructure", "src\Almutamakkin.DatabaseBridge.Infrastructure\Almutamakkin.DatabaseBridge.Infrastructure.csproj", "{BC97C9EA-5E30-45A5-9D2B-3474FC03E9A9}"
EndProject
Project("{FAE04EC0-301F-11D3-BF4B-00C04F79EFBC}") = "Almutamakkin.DatabaseBridge.App", "src\Almutamakkin.DatabaseBridge.App\Almutamakkin.DatabaseBridge.App.csproj", "{6C3E9E62-FACF-43D6-AD21-33629C3C3D8F}"
EndProject
Project("{2150E333-8FDC-42A3-9474-1A3956D46DE8}") = "tests", "tests", "{0AB3BF05-4346-4AA6-1389-037BE0695223}"
EndProject
Project("{FAE04EC0-301F-11D3-BF4B-00C04F79EFBC}") = "Almutamakkin.DatabaseBridge.Tests", "tests\Almutamakkin.DatabaseBridge.Tests\Almutamakkin.DatabaseBridge.Tests.csproj", "{47ED5D1F-E88A-4736-ABE5-2C6F70E65997}"
EndProject
Global
	GlobalSection(SolutionConfigurationPlatforms) = preSolution
		Debug|Any CPU = Debug|Any CPU
		Debug|x64 = Debug|x64
		Debug|x86 = Debug|x86
		Release|Any CPU = Release|Any CPU
		Release|x64 = Release|x64
		Release|x86 = Release|x86
	EndGlobalSection
	GlobalSection(ProjectConfigurationPlatforms) = postSolution
		{27832BF3-7E4E-433C-BBFF-711AE7D5E070}.Debug|Any CPU.ActiveCfg = Debug|Any CPU
		{27832BF3-7E4E-433C-BBFF-711AE7D5E070}.Debug|Any CPU.Build.0 = Debug|Any CPU
		{27832BF3-7E4E-433C-BBFF-711AE7D5E070}.Debug|x64.ActiveCfg = Debug|Any CPU
		{27832BF3-7E4E-433C-BBFF-711AE7D5E070}.Debug|x64.Build.0 = Debug|Any CPU
		{27832BF3-7E4E-433C-BBFF-711AE7D5E070}.Debug|x86.ActiveCfg = Debug|Any CPU
		{27832BF3-7E4E-433C-BBFF-711AE7D5E070}.Debug|x86.Build.0 = Debug|Any CPU
		{27832BF3-7E4E-433C-BBFF-711AE7D5E070}.Release|Any CPU.ActiveCfg = Release|Any CPU
		{27832BF3-7E4E-433C-BBFF-711AE7D5E070}.Release|Any CPU.Build.0 = Release|Any CPU
		{27832BF3-7E4E-433C-BBFF-711AE7D5E070}.Release|x64.ActiveCfg = Release|Any CPU
		{27832BF3-7E4E-433C-BBFF-711AE7D5E070}.Release|x64.Build.0 = Release|Any CPU
		{27832BF3-7E4E-433C-BBFF-711AE7D5E070}.Release|x86.ActiveCfg = Release|Any CPU
		{27832BF3-7E4E-433C-BBFF-711AE7D5E070}.Release|x86.Build.0 = Release|Any CPU
		{3CCF3430-75F2-45D2-94C9-1615FB249023}.Debug|Any CPU.ActiveCfg = Debug|Any CPU
		{3CCF3430-75F2-45D2-94C9-1615FB249023}.Debug|Any CPU.Build.0 = Debug|Any CPU
		{3CCF3430-75F2-45D2-94C9-1615FB249023}.Debug|x64.ActiveCfg = Debug|Any CPU
		{3CCF3430-75F2-45D2-94C9-1615FB249023}.Debug|x64.Build.0 = Debug|Any CPU
		{3CCF3430-75F2-45D2-94C9-1615FB249023}.Debug|x86.ActiveCfg = Debug|Any CPU
		{3CCF3430-75F2-45D2-94C9-1615FB249023}.Debug|x86.Build.0 = Debug|Any CPU
		{3CCF3430-75F2-45D2-94C9-1615FB249023}.Release|Any CPU.ActiveCfg = Release|Any CPU
		{3CCF3430-75F2-45D2-94C9-1615FB249023}.Release|Any CPU.Build.0 = Release|Any CPU
		{3CCF3430-75F2-45D2-94C9-1615FB249023}.Release|x64.ActiveCfg = Release|Any CPU
		{3CCF3430-75F2-45D2-94C9-1615FB249023}.Release|x64.Build.0 = Release|Any CPU
		{3CCF3430-75F2-45D2-94C9-1615FB249023}.Release|x86.ActiveCfg = Release|Any CPU
		{3CCF3430-75F2-45D2-94C9-1615FB249023}.Release|x86.Build.0 = Release|Any CPU
		{BC97C9EA-5E30-45A5-9D2B-3474FC03E9A9}.Debug|Any CPU.ActiveCfg = Debug|Any CPU
		{BC97C9EA-5E30-45A5-9D2B-3474FC03E9A9}.Debug|Any CPU.Build.0 = Debug|Any CPU
		{BC97C9EA-5E30-45A5-9D2B-3474FC03E9A9}.Debug|x64.ActiveCfg = Debug|Any CPU
		{BC97C9EA-5E30-45A5-9D2B-3474FC03E9A9}.Debug|x64.Build.0 = Debug|Any CPU
		{BC97C9EA-5E30-45A5-9D2B-3474FC03E9A9}.Debug|x86.ActiveCfg = Debug|Any CPU
		{BC97C9EA-5E30-45A5-9D2B-3474FC03E9A9}.Debug|x86.Build.0 = Debug|Any CPU
		{BC97C9EA-5E30-45A5-9D2B-3474FC03E9A9}.Release|Any CPU.ActiveCfg = Release|Any CPU
		{BC97C9EA-5E30-45A5-9D2B-3474FC03E9A9}.Release|Any CPU.Build.0 = Release|Any CPU
		{BC97C9EA-5E30-45A5-9D2B-3474FC03E9A9}.Release|x64.ActiveCfg = Release|Any CPU
		{BC97C9EA-5E30-45A5-9D2B-3474FC03E9A9}.Release|x64.Build.0 = Release|Any CPU
		{BC97C9EA-5E30-45A5-9D2B-3474FC03E9A9}.Release|x86.ActiveCfg = Release|Any CPU
		{BC97C9EA-5E30-45A5-9D2B-3474FC03E9A9}.Release|x86.Build.0 = Release|Any CPU
		{6C3E9E62-FACF-43D6-AD21-33629C3C3D8F}.Debug|Any CPU.ActiveCfg = Debug|Any CPU
		{6C3E9E62-FACF-43D6-AD21-33629C3C3D8F}.Debug|Any CPU.Build.0 = Debug|Any CPU
		{6C3E9E62-FACF-43D6-AD21-33629C3C3D8F}.Debug|x64.ActiveCfg = Debug|Any CPU
		{6C3E9E62-FACF-43D6-AD21-33629C3C3D8F}.Debug|x64.Build.0 = Debug|Any CPU
		{6C3E9E62-FACF-43D6-AD21-33629C3C3D8F}.Debug|x86.ActiveCfg = Debug|Any CPU
		{6C3E9E62-FACF-43D6-AD21-33629C3C3D8F}.Debug|x86.Build.0 = Debug|Any CPU
		{6C3E9E62-FACF-43D6-AD21-33629C3C3D8F}.Release|Any CPU.ActiveCfg = Release|Any CPU
		{6C3E9E62-FACF-43D6-AD21-33629C3C3D8F}.Release|Any CPU.Build.0 = Release|Any CPU
		{6C3E9E62-FACF-43D6-AD21-33629C3C3D8F}.Release|x64.ActiveCfg = Release|Any CPU
		{6C3E9E62-FACF-43D6-AD21-33629C3C3D8F}.Release|x64.Build.0 = Release|Any CPU
		{6C3E9E62-FACF-43D6-AD21-33629C3C3D8F}.Release|x86.ActiveCfg = Release|Any CPU
		{6C3E9E62-FACF-43D6-AD21-33629C3C3D8F}.Release|x86.Build.0 = Release|Any CPU
		{47ED5D1F-E88A-4736-ABE5-2C6F70E65997}.Debug|Any CPU.ActiveCfg = Debug|Any CPU
		{47ED5D1F-E88A-4736-ABE5-2C6F70E65997}.Debug|Any CPU.Build.0 = Debug|Any CPU
		{47ED5D1F-E88A-4736-ABE5-2C6F70E65997}.Debug|x64.ActiveCfg = Debug|Any CPU
		{47ED5D1F-E88A-4736-ABE5-2C6F70E65997}.Debug|x64.Build.0 = Debug|Any CPU
		{47ED5D1F-E88A-4736-ABE5-2C6F70E65997}.Debug|x86.ActiveCfg = Debug|Any CPU
		{47ED5D1F-E88A-4736-ABE5-2C6F70E65997}.Debug|x86.Build.0 = Debug|Any CPU
		{47ED5D1F-E88A-4736-ABE5-2C6F70E65997}.Release|Any CPU.ActiveCfg = Release|Any CPU
		{47ED5D1F-E88A-4736-ABE5-2C6F70E65997}.Release|Any CPU.Build.0 = Release|Any CPU
		{47ED5D1F-E88A-4736-ABE5-2C6F70E65997}.Release|x64.ActiveCfg = Release|Any CPU
		{47ED5D1F-E88A-4736-ABE5-2C6F70E65997}.Release|x64.Build.0 = Release|Any CPU
		{47ED5D1F-E88A-4736-ABE5-2C6F70E65997}.Release|x86.ActiveCfg = Release|Any CPU
		{47ED5D1F-E88A-4736-ABE5-2C6F70E65997}.Release|x86.Build.0 = Release|Any CPU
	EndGlobalSection
	GlobalSection(SolutionProperties) = preSolution
		HideSolutionNode = FALSE
	EndGlobalSection
	GlobalSection(NestedProjects) = preSolution
		{27832BF3-7E4E-433C-BBFF-711AE7D5E070} = {827E0CD3-B72D-47B6-A68D-7590B98EB39B}
		{3CCF3430-75F2-45D2-94C9-1615FB249023} = {827E0CD3-B72D-47B6-A68D-7590B98EB39B}
		{BC97C9EA-5E30-45A5-9D2B-3474FC03E9A9} = {827E0CD3-B72D-47B6-A68D-7590B98EB39B}
		{6C3E9E62-FACF-43D6-AD21-33629C3C3D8F} = {827E0CD3-B72D-47B6-A68D-7590B98EB39B}
		{47ED5D1F-E88A-4736-ABE5-2C6F70E65997} = {0AB3BF05-4346-4AA6-1389-037BE0695223}
	EndGlobalSection
EndGlobal
